<?xml version="1.0" encoding="utf-8"?>
<Project ToolsVersion="4.0" xmlns="http://schemas.microsoft.com/developer/msbuild/2003">
  <ItemGroup>
    <ClCompile Include="PiritNativeAPI.cpp" />
    <ClCompile Include="dllmain.cpp" />
    <ClCompile Include="stdafx.cpp" />
    <ClCompile Include="pugixml\src\pugixml.cpp">
      <Filter>pugixml</Filter>
    </ClCompile>
    <ClCompile Include="1cv8.cpp" />
  </ItemGroup>
  <ItemGroup>
    <ClInclude Include="PiritNativeAPI.h" />
    <ClInclude Include="stdafx.h" />
    <ClInclude Include="pugixml\src\pugiconfig.hpp">
      <Filter>pugixml</Filter>
    </ClInclude>
    <ClInclude Include="pugixml\src\pugixml.hpp">
      <Filter>pugixml</Filter>
    </ClInclude>
    <ClInclude Include="include\AddInDefBase.h">
      <Filter>include</Filter>
    </ClInclude>
    <ClInclude Include="include\addinlib.h">
      <Filter>include</Filter>
    </ClInclude>
    <ClInclude Include="include\com.h">
      <Filter>include</Filter>
    </ClInclude>
    <ClInclude Include="include\ComponentBase.h">
      <Filter>include</Filter>
    </ClInclude>
    <ClInclude Include="include\IAndroidComponentHelper.h">
      <Filter>include</Filter>
    </ClInclude>
    <ClInclude Include="include\IMemoryManager.h">
      <Filter>include</Filter>
    </ClInclude>
    <ClInclude Include="include\mobile.h">
      <Filter>include</Filter>
    </ClInclude>
    <ClInclude Include="include\types.h">
      <Filter>include</Filter>
    </ClInclude>
    <ClInclude Include="include\1cv8.h">
      <Filter>include</Filter>
    </ClInclude>
    <ClInclude Include="utf8.h" />
    <ClInclude Include="include\utf8.h">
      <Filter>include</Filter>
    </ClInclude>
  </ItemGroup>
  <ItemGroup>
    <None Include="PiritNativeAPI.def" />
  </ItemGroup>
  <ItemGroup>
    <Filter Include="pugixml">
      <UniqueIdentifier>{0dbb2ce5-140a-4931-b469-964dc2003f0d}</UniqueIdentifier>
    </Filter>
    <Filter Include="include">
      <UniqueIdentifier>{0e2ad5c2-2d26-44ef-b39d-0bee1922a487}</UniqueIdentifier>
    </Filter>
  </ItemGroup>
  <ItemGroup>
    <Midl Include="include\addin.idl">
      <Filter>include</Filter>
    </Midl>
  </ItemGroup>
  <ItemGroup>
    <Xml Include="MANIFEST.xml" />
    <Xml Include="INFO.xml" />
  </ItemGroup>
</Project>